// !$*UTF8*$!
{
	archiveVersion = 1;
	classes = {
	};
	objectVersion = 48;
	objects = {

/* Begin PBXBuildFile section */
		4B92059A1FF4E290001398FF /* AppDelegate.m in Sources */ = {isa = PBXBuildFile; fileRef = 4B9205991FF4E290001398FF /* AppDelegate.m */; };
		4B92059D1FF4E290001398FF /* ViewController.m in Sources */ = {isa = PBXBuildFile; fileRef = 4B92059C1FF4E290001398FF /* ViewController.m */; };
		4B9205A01FF4E290001398FF /* Main.storyboard in Resources */ = {isa = PBXBuildFile; fileRef = 4B92059E1FF4E290001398FF /* Main.storyboard */; };
		4B9205A21FF4E290001398FF /* Assets.xcassets in Resources */ = {isa = PBXBuildFile; fileRef = 4B9205A11FF4E290001398FF /* Assets.xcassets */; };
		4B9205A51FF4E290001398FF /* LaunchScreen.storyboard in Resources */ = {isa = PBXBuildFile; fileRef = 4B9205A31FF4E290001398FF /* LaunchScreen.storyboard */; };
		4B9205A81FF4E290001398FF /* main.m in Sources */ = {isa = PBXBuildFile; fileRef = 4B9205A71FF4E290001398FF /* main.m */; };
		4B9205AF1FF4E2C5001398FF /* libfpnn.a in Frameworks */ = {isa = PBXBuildFile; fileRef = 4B9205B01FF4E2C5001398FF /* libfpnn.a */; };
		4B9205B31FF4E2F6001398FF /* Tester.mm in Sources */ = {isa = PBXBuildFile; fileRef = 4B9205B21FF4E2F6001398FF /* Tester.mm */; };
/* End PBXBuildFile section */

/* Begin PBXFileReference section */
		4B9205951FF4E290001398FF /* singleClientConcurrentTest.app */ = {isa = PBXFileReference; explicitFileType = wrapper.application; includeInIndex = 0; path = singleClientConcurrentTest.app; sourceTree = BUILT_PRODUCTS_DIR; };
		4B9205981FF4E290001398FF /* AppDelegate.h */ = {isa = PBXFileReference; lastKnownFileType = sourcecode.c.h; path = AppDelegate.h; sourceTree = "<group>"; };
		4B9205991FF4E290001398FF /* AppDelegate.m */ = {isa = PBXFileReference; lastKnownFileType = sourcecode.c.objc; path = AppDelegate.m; sourceTree = "<group>"; };
		4B92059B1FF4E290001398FF /* ViewController.h */ = {isa = PBXFileReference; lastKnownFileType = sourcecode.c.h; path = ViewController.h; sourceTree = "<group>"; };
		4B92059C1FF4E290001398FF /* ViewController.m */ = {isa = PBXFileReference; lastKnownFileType = sourcecode.c.objc; path = ViewController.m; sourceTree = "<group>"; };
		4B92059F1FF4E290001398FF /* Base */ = {isa = PBXFileReference; lastKnownFileType = file.storyboard; name = Base; path = Base.lproj/Main.storyboard; sourceTree = "<group>"; };
		4B9205A11FF4E290001398FF /* Assets.xcassets */ = {isa = PBXFileReference; lastKnownFileType = folder.assetcatalog; path = Assets.xcassets; sourceTree = "<group>"; };
		4B9205A41FF4E290001398FF /* Base */ = {isa = PBXFileReference; lastKnownFileType = file.storyboard; name = Base; path = Base.lproj/LaunchScreen.storyboard; sourceTree = "<group>"; };
		4B9205A61FF4E290001398FF /* Info.plist */ = {isa = PBXFileReference; lastKnownFileType = text.plist.xml; path = Info.plist; sourceTree = "<group>"; };
		4B9205A71FF4E290001398FF /* main.m */ = {isa = PBXFileReference; lastKnownFileType = sourcecode.c.objc; path = main.m; sourceTree = "<group>"; };
		4B9205B01FF4E2C5001398FF /* libfpnn.a */ = {isa = PBXFileReference; explicitFileType = archive.ar; path = libfpnn.a; sourceTree = BUILT_PRODUCTS_DIR; };
		4B9205B11FF4E2F6001398FF /* Tester.h */ = {isa = PBXFileReference; lastKnownFileType = sourcecode.c.h; path = Tester.h; sourceTree = "<group>"; };
		4B9205B21FF4E2F6001398FF /* Tester.mm */ = {isa = PBXFileReference; lastKnownFileType = sourcecode.cpp.objcpp; path = Tester.mm; sourceTree = "<group>"; };
/* End PBXFileReference section */

/* Begin PBXFrameworksBuildPhase section */
		4B9205921FF4E290001398FF /* Frameworks */ = {
			isa = PBXFrameworksBuildPhase;
			buildActionMask = 2147483647;
			files = (
				4B9205AF1FF4E2C5001398FF /* libfpnn.a in Frameworks */,
			);
			runOnlyForDeploymentPostprocessing = 0;
		};
/* End PBXFrameworksBuildPhase section */

/* Begin PBXGroup section */
		4B92058C1FF4E28F001398FF = {
			isa = PBXGroup;
			children = (
				4B9205B11FF4E2F6001398FF /* Tester.h */,
				4B9205B21FF4E2F6001398FF /* Tester.mm */,
				4B9205971FF4E290001398FF /* singleClientConcurrentTest */,
				4B9205961FF4E290001398FF /* Products */,
				4B9205AE1FF4E2C5001398FF /* Frameworks */,
			);
			sourceTree = "<group>";
		};
		4B9205961FF4E290001398FF /* Products */ = {
			isa = PBXGroup;
			children = (
				4B9205951FF4E290001398FF /* singleClientConcurrentTest.app */,
			);
			name = Products;
			sourceTree = "<group>";
		};
		4B9205971FF4E290001398FF /* singleClientConcurrentTest */ = {
			isa = PBXGroup;
			children = (
				4B9205981FF4E290001398FF /* AppDelegate.h */,
				4B9205991FF4E290001398FF /* AppDelegate.m */,
				4B92059B1FF4E290001398FF /* ViewController.h */,
				4B92059C1FF4E290001398FF /* ViewController.m */,
				4B92059E1FF4E290001398FF /* Main.storyboard */,
				4B9205A11FF4E290001398FF /* Assets.xcassets */,
				4B9205A31FF4E290001398FF /* LaunchScreen.storyboard */,
				4B9205A61FF4E290001398FF /* Info.plist */,
				4B9205A71FF4E290001398FF /* main.m */,
			);
			path = singleClientConcurrentTest;
			sourceTree = "<group>";
		};
		4B9205AE1FF4E2C5001398FF /* Frameworks */ = {
			isa = PBXGroup;
			children = (
				4B9205B01FF4E2C5001398FF /* libfpnn.a */,
			);
			name = Frameworks;
			sourceTree = "<group>";
		};
/* End PBXGroup section */

/* Begin PBXNativeTarget section */
		4B9205941FF4E290001398FF /* singleClientConcurrentTest */ = {
			isa = PBXNativeTarget;
			buildConfigurationList = 4B9205AB1FF4E290001398FF /* Build configuration list for PBXNativeTarget "singleClientConcurrentTest" */;
			buildPhases = (
				4B9205911FF4E290001398FF /* Sources */,
				4B9205921FF4E290001398FF /* Frameworks */,
				4B9205931FF4E290001398FF /* Resources */,
			);
			buildRules = (
			);
			dependencies = (
			);
			name = singleClientConcurrentTest;
			productName = singleClientConcurrentTest;
			productReference = 4B9205951FF4E290001398FF /* singleClientConcurrentTest.app */;
			productType = "com.apple.product-type.application";
		};
/* End PBXNativeTarget section */

/* Begin PBXProject section */
		4B92058D1FF4E28F001398FF /* Project object */ = {
			isa = PBXProject;
			attributes = {
				LastUpgradeCheck = 0920;
				ORGANIZATIONNAME = "施王兴";
				TargetAttributes = {
					4B9205941FF4E290001398FF = {
						CreatedOnToolsVersion = 9.2;
						ProvisioningStyle = Automatic;
					};
				};
			};
			buildConfigurationList = 4B9205901FF4E290001398FF /* Build configuration list for PBXProject "singleClientConcurrentTest" */;
			compatibilityVersion = "Xcode 8.0";
			developmentRegion = en;
			hasScannedForEncodings = 0;
			knownRegions = (
				en,
				Base,
			);
			mainGroup = 4B92058C1FF4E28F001398FF;
			productRefGroup = 4B9205961FF4E290001398FF /* Products */;
			projectDirPath = "";
			projectRoot = "";
			targets = (
				4B9205941FF4E290001398FF /* singleClientConcurrentTest */,
			);
		};
/* End PBXProject section */

/* Begin PBXResourcesBuildPhase section */
		4B9205931FF4E290001398FF /* Resources */ = {
			isa = PBXResourcesBuildPhase;
			buildActionMask = 2147483647;
			files = (
				4B9205A51FF4E290001398FF /* LaunchScreen.storyboard in Resources */,
				4B9205A21FF4E290001398FF /* Assets.xcassets in Resources */,
				4B9205A01FF4E290001398FF /* Main.storyboard in Resources */,
			);
			runOnlyForDeploymentPostprocessing = 0;
		};
/* End PBXResourcesBuildPhase section */

/* Begin PBXSourcesBuildPhase section */
		4B9205911FF4E290001398FF /* Sources */ = {
			isa = PBXSourcesBuildPhase;
			buildActionMask = 2147483647;
			files = (
				4B92059D1FF4E290001398FF /* ViewController.m in Sources */,
				4B9205A81FF4E290001398FF /* main.m in Sources */,
				4B9205B31FF4E2F6001398FF /* Tester.mm in Sources */,
				4B92059A1FF4E290001398FF /* AppDelegate.m in Sources */,
			);
			runOnlyForDeploymentPostprocessing = 0;
		};
/* End PBXSourcesBuildPhase section */

/* Begin PBXVariantGroup section */
		4B92059E1FF4E290001398FF /* Main.storyboard */ = {
			isa = PBXVariantGroup;
			children = (
				4B92059F1FF4E290001398FF /* Base */,
			);
			name = Main.storyboard;
			sourceTree = "<group>";
		};
		4B9205A31FF4E290001398FF /* LaunchScreen.storyboard */ = {
			isa = PBXVariantGroup;
			children = (
				4B9205A41FF4E290001398FF /* Base */,
			);
			name = LaunchScreen.storyboard;
			sourceTree = "<group>";
		};
/* End PBXVariantGroup section */

/* Begin XCBuildConfiguration section */
		4B9205A91FF4E290001398FF /* Debug */ = {
			isa = XCBuildConfiguration;
			buildSettings = {
				ALWAYS_SEARCH_USER_PATHS = NO;
				CLANG_ANALYZER_NONNULL = YES;
				CLANG_ANALYZER_NUMBER_OBJECT_CONVERSION = YES_AGGRESSIVE;
				CLANG_CXX_LANGUAGE_STANDARD = "gnu++14";
				CLANG_CXX_LIBRARY = "libc++";
				CLANG_ENABLE_MODULES = YES;
				CLANG_ENABLE_OBJC_ARC = YES;
				CLANG_WARN_BLOCK_CAPTURE_AUTORELEASING = YES;
				CLANG_WARN_BOOL_CONVERSION = YES;
				CLANG_WARN_COMMA = YES;
				CLANG_WARN_CONSTANT_CONVERSION = YES;
				CLANG_WARN_DIRECT_OBJC_ISA_USAGE = YES_ERROR;
				CLANG_WARN_DOCUMENTATION_COMMENTS = YES;
				CLANG_WARN_EMPTY_BODY = YES;
				CLANG_WARN_ENUM_CONVERSION = YES;
				CLANG_WARN_INFINITE_RECURSION = YES;
				CLANG_WARN_INT_CONVERSION = YES;
				CLANG_WARN_NON_LITERAL_NULL_CONVERSION = YES;
				CLANG_WARN_OBJC_LITERAL_CONVERSION = YES;
				CLANG_WARN_OBJC_ROOT_CLASS = YES_ERROR;
				CLANG_WARN_RANGE_LOOP_ANALYSIS = YES;
				CLANG_WARN_STRICT_PROTOTYPES = YES;
				CLANG_WARN_SUSPICIOUS_MOVE = YES;
				CLANG_WARN_UNGUARDED_AVAILABILITY = YES_AGGRESSIVE;
				CLANG_WARN_UNREACHABLE_CODE = YES;
				CLANG_WARN__DUPLICATE_METHOD_MATCH = YES;
				CODE_SIGN_IDENTITY = "iPhone Developer";
				COPY_PHASE_STRIP = NO;
				DEBUG_INFORMATION_FORMAT = dwarf;
				ENABLE_STRICT_OBJC_MSGSEND = YES;
				ENABLE_TESTABILITY = YES;
				GCC_C_LANGUAGE_STANDARD = gnu11;
				GCC_DYNAMIC_NO_PIC = NO;
				GCC_NO_COMMON_BLOCKS = YES;
				GCC_OPTIMIZATION_LEVEL = 0;
				GCC_PREPROCESSOR_DEFINITIONS = (
					"DEBUG=1",
					"$(inherited)",
				);
				GCC_WARN_64_TO_32_BIT_CONVERSION = YES;
				GCC_WARN_ABOUT_RETURN_TYPE = YES_ERROR;
				GCC_WARN_UNDECLARED_SELECTOR = YES;
				GCC_WARN_UNINITIALIZED_AUTOS = YES_AGGRESSIVE;
				GCC_WARN_UNUSED_FUNCTION = YES;
				GCC_WARN_UNUSED_VARIABLE = YES;
				IPHONEOS_DEPLOYMENT_TARGET = 11.2;
				MTL_ENABLE_DEBUG_INFO = YES;
				ONLY_ACTIVE_ARCH = YES;
				SDKROOT = iphoneos;
			};
			name = Debug;
		};
		4B9205AA1FF4E290001398FF /* Release */ = {
			isa = XCBuildConfiguration;
			buildSettings = {
				ALWAYS_SEARCH_USER_PATHS = NO;
				CLANG_ANALYZER_NONNULL = YES;
				CLANG_ANALYZER_NUMBER_OBJECT_CONVERSION = YES_AGGRESSIVE;
				CLANG_CXX_LANGUAGE_STANDARD = "gnu++14";
				CLANG_CXX_LIBRARY = "libc++";
				CLANG_ENABLE_MODULES = YES;
				CLANG_ENABLE_OBJC_ARC = YES;
				CLANG_WARN_BLOCK_CAPTURE_AUTORELEASING = YES;
				CLANG_WARN_BOOL_CONVERSION = YES;
				CLANG_WARN_COMMA = YES;
				CLANG_WARN_CONSTANT_CONVERSION = YES;
				CLANG_WARN_DIRECT_OBJC_ISA_USAGE = YES_ERROR;
				CLANG_WARN_DOCUMENTATION_COMMENTS = YES;
				CLANG_WARN_EMPTY_BODY = YES;
				CLANG_WARN_ENUM_CONVERSION = YES;
				CLANG_WARN_INFINITE_RECURSION = YES;
				CLANG_WARN_INT_CONVERSION = YES;
				CLANG_WARN_NON_LITERAL_NULL_CONVERSION = YES;
				CLANG_WARN_OBJC_LITERAL_CONVERSION = YES;
				CLANG_WARN_OBJC_ROOT_CLASS = YES_ERROR;
				CLANG_WARN_RANGE_LOOP_ANALYSIS = YES;
				CLANG_WARN_STRICT_PROTOTYPES = YES;
				CLANG_WARN_SUSPICIOUS_MOVE = YES;
				CLANG_WARN_UNGUARDED_AVAILABILITY = YES_AGGRESSIVE;
				CLANG_WARN_UNREACHABLE_CODE = YES;
				CLANG_WARN__DUPLICATE_METHOD_MATCH = YES;
				CODE_SIGN_IDENTITY = "iPhone Developer";
				COPY_PHASE_STRIP = NO;
				DEBUG_INFORMATION_FORMAT = "dwarf-with-dsym";
				ENABLE_NS_ASSERTIONS = NO;
				ENABLE_STRICT_OBJC_MSGSEND = YES;
				GCC_C_LANGUAGE_STANDARD = gnu11;
				GCC_NO_COMMON_BLOCKS = YES;
				GCC_WARN_64_TO_32_BIT_CONVERSION = YES;
				GCC_WARN_ABOUT_RETURN_TYPE = YES_ERROR;
				GCC_WARN_UNDECLARED_SELECTOR = YES;
				GCC_WARN_UNINITIALIZED_AUTOS = YES_AGGRESSIVE;
				GCC_WARN_UNUSED_FUNCTION = YES;
				GCC_WARN_UNUSED_VARIABLE = YES;
				IPHONEOS_DEPLOYMENT_TARGET = 11.2;
				MTL_ENABLE_DEBUG_INFO = NO;
				SDKROOT = iphoneos;
				VALIDATE_PRODUCT = YES;
			};
			name = Release;
		};
		4B9205AC1FF4E290001398FF /* Debug */ = {
			isa = XCBuildConfiguration;
			buildSettings = {
				ASSETCATALOG_COMPILER_APPICON_NAME = AppIcon;
				CODE_SIGN_STYLE = Automatic;
				DEVELOPMENT_TEAM = D824LZ5R4H;
				INFOPLIST_FILE = singleClientConcurrentTest/Info.plist;
				LD_RUNPATH_SEARCH_PATHS = "$(inherited) @executable_path/Frameworks";
				PRODUCT_BUNDLE_IDENTIFIER = com.funplus.infra.test.singleClientConcurrentTest;
				PRODUCT_NAME = "$(TARGET_NAME)";
				TARGETED_DEVICE_FAMILY = "1,2";
				USER_HEADER_SEARCH_PATHS = ../../../sdk/fpnn/fpnn;
			};
			name = Debug;
		};
		4B9205AD1FF4E290001398FF /* Release */ = {
			isa = XCBuildConfiguration;
			buildSettings = {
				ASSETCATALOG_COMPILER_APPICON_NAME = AppIcon;
				CODE_SIGN_STYLE = Automatic;
				DEVELOPMENT_TEAM = D824LZ5R4H;
				INFOPLIST_FILE = singleClientConcurrentTest/Info.plist;
				LD_RUNPATH_SEARCH_PATHS = "$(inherited) @executable_path/Frameworks";
				PRODUCT_BUNDLE_IDENTIFIER = com.funplus.infra.test.singleClientConcurrentTest;
				PRODUCT_NAME = "$(TARGET_NAME)";
				TARGETED_DEVICE_FAMILY = "1,2";
				USER_HEADER_SEARCH_PATHS = ../../../sdk/fpnn/fpnn;
			};
			name = Release;
		};
/* End XCBuildConfiguration section */

/* Begin XCConfigurationList section */
		4B9205901FF4E290001398FF /* Build configuration list for PBXProject "singleClientConcurrentTest" */ = {
			isa = XCConfigurationList;
			buildConfigurations = (
				4B9205A91FF4E290001398FF /* Debug */,
				4B9205AA1FF4E290001398FF /* Release */,
			);
			defaultConfigurationIsVisible = 0;
			defaultConfigurationName = Release;
		};
		4B9205AB1FF4E290001398FF /* Build configuration list for PBXNativeTarget "singleClientConcurrentTest" */ = {
			isa = XCConfigurationList;
			buildConfigurations = (
				4B9205AC1FF4E290001398FF /* Debug */,
				4B9205AD1FF4E290001398FF /* Release */,
			);
			defaultConfigurationIsVisible = 0;
			defaultConfigurationName = Release;
		};
/* End XCConfigurationList section */
	};
	rootObject = 4B92058D1FF4E28F001398FF /* Project object */;
}
