// !$*UTF8*$!
{
	archiveVersion = 1;
	classes = {
	};
	objectVersion = 50;
	objects = {

/* Begin PBXBuildFile section */
		562CC0D5238E112300D789C9 /* AppDelegate.mm in Sources */ = {isa = PBXBuildFile; fileRef = 562CC0D4238E112300D789C9 /* AppDelegate.mm */; };
		562CC0DB238E112300D789C9 /* ViewController.m in Sources */ = {isa = PBXBuildFile; fileRef = 562CC0DA238E112300D789C9 /* ViewController.m */; };
		562CC0DE238E112300D789C9 /* Main.storyboard in Resources */ = {isa = PBXBuildFile; fileRef = 562CC0DC238E112300D789C9 /* Main.storyboard */; };
		562CC0E0238E112400D789C9 /* Assets.xcassets in Resources */ = {isa = PBXBuildFile; fileRef = 562CC0DF238E112400D789C9 /* Assets.xcassets */; };
		562CC0E3238E112400D789C9 /* LaunchScreen.storyboard in Resources */ = {isa = PBXBuildFile; fileRef = 562CC0E1238E112400D789C9 /* LaunchScreen.storyboard */; };
		562CC0E6238E112400D789C9 /* main.m in Sources */ = {isa = PBXBuildFile; fileRef = 562CC0E5238E112400D789C9 /* main.m */; };
		562CC0F0238E112400D789C9 /* TestTests.m in Sources */ = {isa = PBXBuildFile; fileRef = 562CC0EF238E112400D789C9 /* TestTests.m */; };
		562CC0FB238E112400D789C9 /* TestUITests.m in Sources */ = {isa = PBXBuildFile; fileRef = 562CC0FA238E112400D789C9 /* TestUITests.m */; };
		563D4F5F23D16E62005706B2 /* myjprivate.key-public.key in Resources */ = {isa = PBXBuildFile; fileRef = 563D4F5C23D16E61005706B2 /* myjprivate.key-public.key */; };
		563D4F6023D16E62005706B2 /* myjprivate.key-public.pem in Resources */ = {isa = PBXBuildFile; fileRef = 563D4F5D23D16E61005706B2 /* myjprivate.key-public.pem */; };
		563D4F6123D16E62005706B2 /* myjprivate.key-public.der in Resources */ = {isa = PBXBuildFile; fileRef = 563D4F5E23D16E61005706B2 /* myjprivate.key-public.der */; };
		5641E91F2398A3BA000B64B3 /* BlockSynReceiveViewController.m in Sources */ = {isa = PBXBuildFile; fileRef = 5641E91E2398A3BA000B64B3 /* BlockSynReceiveViewController.m */; };
		5641E9222398A3D4000B64B3 /* BlockAsynReceiveViewController.m in Sources */ = {isa = PBXBuildFile; fileRef = 5641E9212398A3D4000B64B3 /* BlockAsynReceiveViewController.m */; };
		5641E9252398A3ED000B64B3 /* BlockSynReplyViewController.m in Sources */ = {isa = PBXBuildFile; fileRef = 5641E9242398A3ED000B64B3 /* BlockSynReplyViewController.m */; };
		5641E9282398A409000B64B3 /* BlockAsynReplyViewController.m in Sources */ = {isa = PBXBuildFile; fileRef = 5641E9272398A409000B64B3 /* BlockAsynReplyViewController.m */; };
		5641E92B2398A41F000B64B3 /* DelegateSynReceiveViewController.m in Sources */ = {isa = PBXBuildFile; fileRef = 5641E92A2398A41F000B64B3 /* DelegateSynReceiveViewController.m */; };
		5641E92E2398A42E000B64B3 /* DelegateAsynReceiveViewController.m in Sources */ = {isa = PBXBuildFile; fileRef = 5641E92D2398A42E000B64B3 /* DelegateAsynReceiveViewController.m */; };
		5641E9312398A441000B64B3 /* DelegateSynReplyViewController.m in Sources */ = {isa = PBXBuildFile; fileRef = 5641E9302398A441000B64B3 /* DelegateSynReplyViewController.m */; };
		5641E9342398A453000B64B3 /* DelegateAsynReplyViewController.m in Sources */ = {isa = PBXBuildFile; fileRef = 5641E9332398A453000B64B3 /* DelegateAsynReplyViewController.m */; };
		5641E94723990FD7000B64B3 /* PressureTestViewController.mm in Sources */ = {isa = PBXBuildFile; fileRef = 5641E94623990FD7000B64B3 /* PressureTestViewController.mm */; };
		56B9EF8C246E9F6700CB9766 /* Fpnn.framework in Frameworks */ = {isa = PBXBuildFile; fileRef = 56B9EF8B246E9F6700CB9766 /* Fpnn.framework */; };
/* End PBXBuildFile section */

/* Begin PBXContainerItemProxy section */
		562CC0EC238E112400D789C9 /* PBXContainerItemProxy */ = {
			isa = PBXContainerItemProxy;
			containerPortal = 562CC0C8238E112300D789C9 /* Project object */;
			proxyType = 1;
			remoteGlobalIDString = 562CC0CF238E112300D789C9;
			remoteInfo = Test;
		};
		562CC0F7238E112400D789C9 /* PBXContainerItemProxy */ = {
			isa = PBXContainerItemProxy;
			containerPortal = 562CC0C8238E112300D789C9 /* Project object */;
			proxyType = 1;
			remoteGlobalIDString = 562CC0CF238E112300D789C9;
			remoteInfo = Test;
		};
/* End PBXContainerItemProxy section */

/* Begin PBXFileReference section */
		562CC0D0238E112300D789C9 /* Test.app */ = {isa = PBXFileReference; explicitFileType = wrapper.application; includeInIndex = 0; path = Test.app; sourceTree = BUILT_PRODUCTS_DIR; };
		562CC0D3238E112300D789C9 /* AppDelegate.h */ = {isa = PBXFileReference; lastKnownFileType = sourcecode.c.h; path = AppDelegate.h; sourceTree = "<group>"; };
		562CC0D4238E112300D789C9 /* AppDelegate.mm */ = {isa = PBXFileReference; lastKnownFileType = sourcecode.cpp.objcpp; path = AppDelegate.mm; sourceTree = "<group>"; };
		562CC0D9238E112300D789C9 /* ViewController.h */ = {isa = PBXFileReference; lastKnownFileType = sourcecode.c.h; path = ViewController.h; sourceTree = "<group>"; };
		562CC0DA238E112300D789C9 /* ViewController.m */ = {isa = PBXFileReference; lastKnownFileType = sourcecode.c.objc; path = ViewController.m; sourceTree = "<group>"; };
		562CC0DD238E112300D789C9 /* Base */ = {isa = PBXFileReference; lastKnownFileType = file.storyboard; name = Base; path = Base.lproj/Main.storyboard; sourceTree = "<group>"; };
		562CC0DF238E112400D789C9 /* Assets.xcassets */ = {isa = PBXFileReference; lastKnownFileType = folder.assetcatalog; path = Assets.xcassets; sourceTree = "<group>"; };
		562CC0E2238E112400D789C9 /* Base */ = {isa = PBXFileReference; lastKnownFileType = file.storyboard; name = Base; path = Base.lproj/LaunchScreen.storyboard; sourceTree = "<group>"; };
		562CC0E4238E112400D789C9 /* Info.plist */ = {isa = PBXFileReference; lastKnownFileType = text.plist.xml; path = Info.plist; sourceTree = "<group>"; };
		562CC0E5238E112400D789C9 /* main.m */ = {isa = PBXFileReference; lastKnownFileType = sourcecode.c.objc; path = main.m; sourceTree = "<group>"; };
		562CC0EB238E112400D789C9 /* TestTests.xctest */ = {isa = PBXFileReference; explicitFileType = wrapper.cfbundle; includeInIndex = 0; path = TestTests.xctest; sourceTree = BUILT_PRODUCTS_DIR; };
		562CC0EF238E112400D789C9 /* TestTests.m */ = {isa = PBXFileReference; lastKnownFileType = sourcecode.c.objc; path = TestTests.m; sourceTree = "<group>"; };
		562CC0F1238E112400D789C9 /* Info.plist */ = {isa = PBXFileReference; lastKnownFileType = text.plist.xml; path = Info.plist; sourceTree = "<group>"; };
		562CC0F6238E112400D789C9 /* TestUITests.xctest */ = {isa = PBXFileReference; explicitFileType = wrapper.cfbundle; includeInIndex = 0; path = TestUITests.xctest; sourceTree = BUILT_PRODUCTS_DIR; };
		562CC0FA238E112400D789C9 /* TestUITests.m */ = {isa = PBXFileReference; lastKnownFileType = sourcecode.c.objc; path = TestUITests.m; sourceTree = "<group>"; };
		562CC0FC238E112400D789C9 /* Info.plist */ = {isa = PBXFileReference; lastKnownFileType = text.plist.xml; path = Info.plist; sourceTree = "<group>"; };
		563D4F5C23D16E61005706B2 /* myjprivate.key-public.key */ = {isa = PBXFileReference; fileEncoding = 4; lastKnownFileType = text; path = "myjprivate.key-public.key"; sourceTree = "<group>"; };
		563D4F5D23D16E61005706B2 /* myjprivate.key-public.pem */ = {isa = PBXFileReference; fileEncoding = 4; lastKnownFileType = text; path = "myjprivate.key-public.pem"; sourceTree = "<group>"; };
		563D4F5E23D16E61005706B2 /* myjprivate.key-public.der */ = {isa = PBXFileReference; lastKnownFileType = file; path = "myjprivate.key-public.der"; sourceTree = "<group>"; };
		5641E91D2398A3BA000B64B3 /* BlockSynReceiveViewController.h */ = {isa = PBXFileReference; lastKnownFileType = sourcecode.c.h; path = BlockSynReceiveViewController.h; sourceTree = "<group>"; };
		5641E91E2398A3BA000B64B3 /* BlockSynReceiveViewController.m */ = {isa = PBXFileReference; lastKnownFileType = sourcecode.c.objc; path = BlockSynReceiveViewController.m; sourceTree = "<group>"; };
		5641E9202398A3D4000B64B3 /* BlockAsynReceiveViewController.h */ = {isa = PBXFileReference; lastKnownFileType = sourcecode.c.h; path = BlockAsynReceiveViewController.h; sourceTree = "<group>"; };
		5641E9212398A3D4000B64B3 /* BlockAsynReceiveViewController.m */ = {isa = PBXFileReference; lastKnownFileType = sourcecode.c.objc; path = BlockAsynReceiveViewController.m; sourceTree = "<group>"; };
		5641E9232398A3ED000B64B3 /* BlockSynReplyViewController.h */ = {isa = PBXFileReference; lastKnownFileType = sourcecode.c.h; path = BlockSynReplyViewController.h; sourceTree = "<group>"; };
		5641E9242398A3ED000B64B3 /* BlockSynReplyViewController.m */ = {isa = PBXFileReference; lastKnownFileType = sourcecode.c.objc; path = BlockSynReplyViewController.m; sourceTree = "<group>"; };
		5641E9262398A409000B64B3 /* BlockAsynReplyViewController.h */ = {isa = PBXFileReference; lastKnownFileType = sourcecode.c.h; path = BlockAsynReplyViewController.h; sourceTree = "<group>"; };
		5641E9272398A409000B64B3 /* BlockAsynReplyViewController.m */ = {isa = PBXFileReference; lastKnownFileType = sourcecode.c.objc; path = BlockAsynReplyViewController.m; sourceTree = "<group>"; };
		5641E9292398A41F000B64B3 /* DelegateSynReceiveViewController.h */ = {isa = PBXFileReference; lastKnownFileType = sourcecode.c.h; path = DelegateSynReceiveViewController.h; sourceTree = "<group>"; };
		5641E92A2398A41F000B64B3 /* DelegateSynReceiveViewController.m */ = {isa = PBXFileReference; lastKnownFileType = sourcecode.c.objc; path = DelegateSynReceiveViewController.m; sourceTree = "<group>"; };
		5641E92C2398A42E000B64B3 /* DelegateAsynReceiveViewController.h */ = {isa = PBXFileReference; lastKnownFileType = sourcecode.c.h; path = DelegateAsynReceiveViewController.h; sourceTree = "<group>"; };
		5641E92D2398A42E000B64B3 /* DelegateAsynReceiveViewController.m */ = {isa = PBXFileReference; lastKnownFileType = sourcecode.c.objc; path = DelegateAsynReceiveViewController.m; sourceTree = "<group>"; };
		5641E92F2398A441000B64B3 /* DelegateSynReplyViewController.h */ = {isa = PBXFileReference; lastKnownFileType = sourcecode.c.h; path = DelegateSynReplyViewController.h; sourceTree = "<group>"; };
		5641E9302398A441000B64B3 /* DelegateSynReplyViewController.m */ = {isa = PBXFileReference; lastKnownFileType = sourcecode.c.objc; path = DelegateSynReplyViewController.m; sourceTree = "<group>"; };
		5641E9322398A453000B64B3 /* DelegateAsynReplyViewController.h */ = {isa = PBXFileReference; lastKnownFileType = sourcecode.c.h; path = DelegateAsynReplyViewController.h; sourceTree = "<group>"; };
		5641E9332398A453000B64B3 /* DelegateAsynReplyViewController.m */ = {isa = PBXFileReference; lastKnownFileType = sourcecode.c.objc; path = DelegateAsynReplyViewController.m; sourceTree = "<group>"; };
		5641E94523990FD7000B64B3 /* PressureTestViewController.h */ = {isa = PBXFileReference; lastKnownFileType = sourcecode.c.h; path = PressureTestViewController.h; sourceTree = "<group>"; };
		5641E94623990FD7000B64B3 /* PressureTestViewController.mm */ = {isa = PBXFileReference; lastKnownFileType = sourcecode.cpp.objcpp; path = PressureTestViewController.mm; sourceTree = "<group>"; };
		56B9EF8B246E9F6700CB9766 /* Fpnn.framework */ = {isa = PBXFileReference; lastKnownFileType = wrapper.framework; name = Fpnn.framework; path = ../Fpnn/Products/Fpnn.framework; sourceTree = "<group>"; };
/* End PBXFileReference section */

/* Begin PBXFrameworksBuildPhase section */
		562CC0CD238E112300D789C9 /* Frameworks */ = {
			isa = PBXFrameworksBuildPhase;
			buildActionMask = 2147483647;
			files = (
				56B9EF8C246E9F6700CB9766 /* Fpnn.framework in Frameworks */,
			);
			runOnlyForDeploymentPostprocessing = 0;
		};
		562CC0E8238E112400D789C9 /* Frameworks */ = {
			isa = PBXFrameworksBuildPhase;
			buildActionMask = 2147483647;
			files = (
			);
			runOnlyForDeploymentPostprocessing = 0;
		};
		562CC0F3238E112400D789C9 /* Frameworks */ = {
			isa = PBXFrameworksBuildPhase;
			buildActionMask = 2147483647;
			files = (
			);
			runOnlyForDeploymentPostprocessing = 0;
		};
/* End PBXFrameworksBuildPhase section */

/* Begin PBXGroup section */
		562CC0C7238E112300D789C9 = {
			isa = PBXGroup;
			children = (
				56B9EF8B246E9F6700CB9766 /* Fpnn.framework */,
				563D4F5E23D16E61005706B2 /* myjprivate.key-public.der */,
				563D4F5C23D16E61005706B2 /* myjprivate.key-public.key */,
				563D4F5D23D16E61005706B2 /* myjprivate.key-public.pem */,
				562CC0D2238E112300D789C9 /* Test */,
				562CC0EE238E112400D789C9 /* TestTests */,
				562CC0F9238E112400D789C9 /* TestUITests */,
				562CC0D1238E112300D789C9 /* Products */,
			);
			sourceTree = "<group>";
		};
		562CC0D1238E112300D789C9 /* Products */ = {
			isa = PBXGroup;
			children = (
				562CC0D0238E112300D789C9 /* Test.app */,
				562CC0EB238E112400D789C9 /* TestTests.xctest */,
				562CC0F6238E112400D789C9 /* TestUITests.xctest */,
			);
			name = Products;
			sourceTree = "<group>";
		};
		562CC0D2238E112300D789C9 /* Test */ = {
			isa = PBXGroup;
			children = (
				562CC0D3238E112300D789C9 /* AppDelegate.h */,
				562CC0D4238E112300D789C9 /* AppDelegate.mm */,
				562CC0D9238E112300D789C9 /* ViewController.h */,
				562CC0DA238E112300D789C9 /* ViewController.m */,
				5641E9352398A45F000B64B3 /* pressureTest */,
				5641E91C2398A339000B64B3 /* delegate */,
				5641E91B2398A334000B64B3 /* block */,
				562CC0DC238E112300D789C9 /* Main.storyboard */,
				562CC0DF238E112400D789C9 /* Assets.xcassets */,
				562CC0E1238E112400D789C9 /* LaunchScreen.storyboard */,
				562CC0E4238E112400D789C9 /* Info.plist */,
				562CC0E5238E112400D789C9 /* main.m */,
			);
			path = Test;
			sourceTree = "<group>";
		};
		562CC0EE238E112400D789C9 /* TestTests */ = {
			isa = PBXGroup;
			children = (
				562CC0EF238E112400D789C9 /* TestTests.m */,
				562CC0F1238E112400D789C9 /* Info.plist */,
			);
			path = TestTests;
			sourceTree = "<group>";
		};
		562CC0F9238E112400D789C9 /* TestUITests */ = {
			isa = PBXGroup;
			children = (
				562CC0FA238E112400D789C9 /* TestUITests.m */,
				562CC0FC238E112400D789C9 /* Info.plist */,
			);
			path = TestUITests;
			sourceTree = "<group>";
		};
		5641E91B2398A334000B64B3 /* block */ = {
			isa = PBXGroup;
			children = (
				5641E91D2398A3BA000B64B3 /* BlockSynReceiveViewController.h */,
				5641E91E2398A3BA000B64B3 /* BlockSynReceiveViewController.m */,
				5641E9202398A3D4000B64B3 /* BlockAsynReceiveViewController.h */,
				5641E9212398A3D4000B64B3 /* BlockAsynReceiveViewController.m */,
				5641E9232398A3ED000B64B3 /* BlockSynReplyViewController.h */,
				5641E9242398A3ED000B64B3 /* BlockSynReplyViewController.m */,
				5641E9262398A409000B64B3 /* BlockAsynReplyViewController.h */,
				5641E9272398A409000B64B3 /* BlockAsynReplyViewController.m */,
			);
			path = block;
			sourceTree = "<group>";
		};
		5641E91C2398A339000B64B3 /* delegate */ = {
			isa = PBXGroup;
			children = (
				5641E9292398A41F000B64B3 /* DelegateSynReceiveViewController.h */,
				5641E92A2398A41F000B64B3 /* DelegateSynReceiveViewController.m */,
				5641E92C2398A42E000B64B3 /* DelegateAsynReceiveViewController.h */,
				5641E92D2398A42E000B64B3 /* DelegateAsynReceiveViewController.m */,
				5641E92F2398A441000B64B3 /* DelegateSynReplyViewController.h */,
				5641E9302398A441000B64B3 /* DelegateSynReplyViewController.m */,
				5641E9322398A453000B64B3 /* DelegateAsynReplyViewController.h */,
				5641E9332398A453000B64B3 /* DelegateAsynReplyViewController.m */,
			);
			path = delegate;
			sourceTree = "<group>";
		};
		5641E9352398A45F000B64B3 /* pressureTest */ = {
			isa = PBXGroup;
			children = (
				5641E94523990FD7000B64B3 /* PressureTestViewController.h */,
				5641E94623990FD7000B64B3 /* PressureTestViewController.mm */,
			);
			path = pressureTest;
			sourceTree = "<group>";
		};
/* End PBXGroup section */

/* Begin PBXNativeTarget section */
		562CC0CF238E112300D789C9 /* Test */ = {
			isa = PBXNativeTarget;
			buildConfigurationList = 562CC0FF238E112400D789C9 /* Build configuration list for PBXNativeTarget "Test" */;
			buildPhases = (
				562CC0CC238E112300D789C9 /* Sources */,
				562CC0CD238E112300D789C9 /* Frameworks */,
				562CC0CE238E112300D789C9 /* Resources */,
			);
			buildRules = (
			);
			dependencies = (
			);
			name = Test;
			productName = Test;
			productReference = 562CC0D0238E112300D789C9 /* Test.app */;
			productType = "com.apple.product-type.application";
		};
		562CC0EA238E112400D789C9 /* TestTests */ = {
			isa = PBXNativeTarget;
			buildConfigurationList = 562CC102238E112400D789C9 /* Build configuration list for PBXNativeTarget "TestTests" */;
			buildPhases = (
				562CC0E7238E112400D789C9 /* Sources */,
				562CC0E8238E112400D789C9 /* Frameworks */,
				562CC0E9238E112400D789C9 /* Resources */,
			);
			buildRules = (
			);
			dependencies = (
				562CC0ED238E112400D789C9 /* PBXTargetDependency */,
			);
			name = TestTests;
			productName = TestTests;
			productReference = 562CC0EB238E112400D789C9 /* TestTests.xctest */;
			productType = "com.apple.product-type.bundle.unit-test";
		};
		562CC0F5238E112400D789C9 /* TestUITests */ = {
			isa = PBXNativeTarget;
			buildConfigurationList = 562CC105238E112400D789C9 /* Build configuration list for PBXNativeTarget "TestUITests" */;
			buildPhases = (
				562CC0F2238E112400D789C9 /* Sources */,
				562CC0F3238E112400D789C9 /* Frameworks */,
				562CC0F4238E112400D789C9 /* Resources */,
			);
			buildRules = (
			);
			dependencies = (
				562CC0F8238E112400D789C9 /* PBXTargetDependency */,
			);
			name = TestUITests;
			productName = TestUITests;
			productReference = 562CC0F6238E112400D789C9 /* TestUITests.xctest */;
			productType = "com.apple.product-type.bundle.ui-testing";
		};
/* End PBXNativeTarget section */

/* Begin PBXProject section */
		562CC0C8238E112300D789C9 /* Project object */ = {
			isa = PBXProject;
			attributes = {
				LastUpgradeCheck = 1120;
				ORGANIZATIONNAME = FunPlus;
				TargetAttributes = {
					562CC0CF238E112300D789C9 = {
						CreatedOnToolsVersion = 11.2.1;
					};
					562CC0EA238E112400D789C9 = {
						CreatedOnToolsVersion = 11.2.1;
						TestTargetID = 562CC0CF238E112300D789C9;
					};
					562CC0F5238E112400D789C9 = {
						CreatedOnToolsVersion = 11.2.1;
						TestTargetID = 562CC0CF238E112300D789C9;
					};
				};
			};
			buildConfigurationList = 562CC0CB238E112300D789C9 /* Build configuration list for PBXProject "Test" */;
			compatibilityVersion = "Xcode 9.3";
			developmentRegion = en;
			hasScannedForEncodings = 0;
			knownRegions = (
				en,
				Base,
			);
			mainGroup = 562CC0C7238E112300D789C9;
			productRefGroup = 562CC0D1238E112300D789C9 /* Products */;
			projectDirPath = "";
			projectRoot = "";
			targets = (
				562CC0CF238E112300D789C9 /* Test */,
				562CC0EA238E112400D789C9 /* TestTests */,
				562CC0F5238E112400D789C9 /* TestUITests */,
			);
		};
/* End PBXProject section */

/* Begin PBXResourcesBuildPhase section */
		562CC0CE238E112300D789C9 /* Resources */ = {
			isa = PBXResourcesBuildPhase;
			buildActionMask = 2147483647;
			files = (
				563D4F6123D16E62005706B2 /* myjprivate.key-public.der in Resources */,
				562CC0E3238E112400D789C9 /* LaunchScreen.storyboard in Resources */,
				562CC0E0238E112400D789C9 /* Assets.xcassets in Resources */,
				563D4F5F23D16E62005706B2 /* myjprivate.key-public.key in Resources */,
				562CC0DE238E112300D789C9 /* Main.storyboard in Resources */,
				563D4F6023D16E62005706B2 /* myjprivate.key-public.pem in Resources */,
			);
			runOnlyForDeploymentPostprocessing = 0;
		};
		562CC0E9238E112400D789C9 /* Resources */ = {
			isa = PBXResourcesBuildPhase;
			buildActionMask = 2147483647;
			files = (
			);
			runOnlyForDeploymentPostprocessing = 0;
		};
		562CC0F4238E112400D789C9 /* Resources */ = {
			isa = PBXResourcesBuildPhase;
			buildActionMask = 2147483647;
			files = (
			);
			runOnlyForDeploymentPostprocessing = 0;
		};
/* End PBXResourcesBuildPhase section */

/* Begin PBXSourcesBuildPhase section */
		562CC0CC238E112300D789C9 /* Sources */ = {
			isa = PBXSourcesBuildPhase;
			buildActionMask = 2147483647;
			files = (
				562CC0DB238E112300D789C9 /* ViewController.m in Sources */,
				5641E9252398A3ED000B64B3 /* BlockSynReplyViewController.m in Sources */,
				5641E92E2398A42E000B64B3 /* DelegateAsynReceiveViewController.m in Sources */,
				5641E94723990FD7000B64B3 /* PressureTestViewController.mm in Sources */,
				5641E9282398A409000B64B3 /* BlockAsynReplyViewController.m in Sources */,
				5641E91F2398A3BA000B64B3 /* BlockSynReceiveViewController.m in Sources */,
				562CC0D5238E112300D789C9 /* AppDelegate.mm in Sources */,
				562CC0E6238E112400D789C9 /* main.m in Sources */,
				5641E92B2398A41F000B64B3 /* DelegateSynReceiveViewController.m in Sources */,
				5641E9222398A3D4000B64B3 /* BlockAsynReceiveViewController.m in Sources */,
				5641E9312398A441000B64B3 /* DelegateSynReplyViewController.m in Sources */,
				5641E9342398A453000B64B3 /* DelegateAsynReplyViewController.m in Sources */,
			);
			runOnlyForDeploymentPostprocessing = 0;
		};
		562CC0E7238E112400D789C9 /* Sources */ = {
			isa = PBXSourcesBuildPhase;
			buildActionMask = 2147483647;
			files = (
				562CC0F0238E112400D789C9 /* TestTests.m in Sources */,
			);
			runOnlyForDeploymentPostprocessing = 0;
		};
		562CC0F2238E112400D789C9 /* Sources */ = {
			isa = PBXSourcesBuildPhase;
			buildActionMask = 2147483647;
			files = (
				562CC0FB238E112400D789C9 /* TestUITests.m in Sources */,
			);
			runOnlyForDeploymentPostprocessing = 0;
		};
/* End PBXSourcesBuildPhase section */

/* Begin PBXTargetDependency section */
		562CC0ED238E112400D789C9 /* PBXTargetDependency */ = {
			isa = PBXTargetDependency;
			target = 562CC0CF238E112300D789C9 /* Test */;
			targetProxy = 562CC0EC238E112400D789C9 /* PBXContainerItemProxy */;
		};
		562CC0F8238E112400D789C9 /* PBXTargetDependency */ = {
			isa = PBXTargetDependency;
			target = 562CC0CF238E112300D789C9 /* Test */;
			targetProxy = 562CC0F7238E112400D789C9 /* PBXContainerItemProxy */;
		};
/* End PBXTargetDependency section */

/* Begin PBXVariantGroup section */
		562CC0DC238E112300D789C9 /* Main.storyboard */ = {
			isa = PBXVariantGroup;
			children = (
				562CC0DD238E112300D789C9 /* Base */,
			);
			name = Main.storyboard;
			sourceTree = "<group>";
		};
		562CC0E1238E112400D789C9 /* LaunchScreen.storyboard */ = {
			isa = PBXVariantGroup;
			children = (
				562CC0E2238E112400D789C9 /* Base */,
			);
			name = LaunchScreen.storyboard;
			sourceTree = "<group>";
		};
/* End PBXVariantGroup section */

/* Begin XCBuildConfiguration section */
		562CC0FD238E112400D789C9 /* Debug */ = {
			isa = XCBuildConfiguration;
			buildSettings = {
				ALWAYS_SEARCH_USER_PATHS = NO;
				CLANG_ANALYZER_NONNULL = YES;
				CLANG_ANALYZER_NUMBER_OBJECT_CONVERSION = YES_AGGRESSIVE;
				CLANG_CXX_LANGUAGE_STANDARD = "gnu++14";
				CLANG_CXX_LIBRARY = "libc++";
				CLANG_ENABLE_MODULES = YES;
				CLANG_ENABLE_OBJC_ARC = YES;
				CLANG_ENABLE_OBJC_WEAK = YES;
				CLANG_WARN_BLOCK_CAPTURE_AUTORELEASING = YES;
				CLANG_WARN_BOOL_CONVERSION = YES;
				CLANG_WARN_COMMA = YES;
				CLANG_WARN_CONSTANT_CONVERSION = YES;
				CLANG_WARN_DEPRECATED_OBJC_IMPLEMENTATIONS = YES;
				CLANG_WARN_DIRECT_OBJC_ISA_USAGE = YES_ERROR;
				CLANG_WARN_DOCUMENTATION_COMMENTS = YES;
				CLANG_WARN_EMPTY_BODY = YES;
				CLANG_WARN_ENUM_CONVERSION = YES;
				CLANG_WARN_INFINITE_RECURSION = YES;
				CLANG_WARN_INT_CONVERSION = YES;
				CLANG_WARN_NON_LITERAL_NULL_CONVERSION = YES;
				CLANG_WARN_OBJC_IMPLICIT_RETAIN_SELF = YES;
				CLANG_WARN_OBJC_LITERAL_CONVERSION = YES;
				CLANG_WARN_OBJC_ROOT_CLASS = YES_ERROR;
				CLANG_WARN_RANGE_LOOP_ANALYSIS = YES;
				CLANG_WARN_STRICT_PROTOTYPES = YES;
				CLANG_WARN_SUSPICIOUS_MOVE = YES;
				CLANG_WARN_UNGUARDED_AVAILABILITY = YES_AGGRESSIVE;
				CLANG_WARN_UNREACHABLE_CODE = YES;
				CLANG_WARN__DUPLICATE_METHOD_MATCH = YES;
				COPY_PHASE_STRIP = NO;
				DEBUG_INFORMATION_FORMAT = dwarf;
				ENABLE_STRICT_OBJC_MSGSEND = YES;
				ENABLE_TESTABILITY = YES;
				GCC_C_LANGUAGE_STANDARD = gnu11;
				GCC_DYNAMIC_NO_PIC = NO;
				GCC_NO_COMMON_BLOCKS = YES;
				GCC_OPTIMIZATION_LEVEL = 0;
				GCC_PREPROCESSOR_DEFINITIONS = (
					"DEBUG=1",
					"$(inherited)",
				);
				GCC_WARN_64_TO_32_BIT_CONVERSION = YES;
				GCC_WARN_ABOUT_RETURN_TYPE = YES_ERROR;
				GCC_WARN_UNDECLARED_SELECTOR = YES;
				GCC_WARN_UNINITIALIZED_AUTOS = YES_AGGRESSIVE;
				GCC_WARN_UNUSED_FUNCTION = YES;
				GCC_WARN_UNUSED_VARIABLE = YES;
				IPHONEOS_DEPLOYMENT_TARGET = 13.2;
				MTL_ENABLE_DEBUG_INFO = INCLUDE_SOURCE;
				MTL_FAST_MATH = YES;
				ONLY_ACTIVE_ARCH = YES;
				SDKROOT = iphoneos;
			};
			name = Debug;
		};
		562CC0FE238E112400D789C9 /* Release */ = {
			isa = XCBuildConfiguration;
			buildSettings = {
				ALWAYS_SEARCH_USER_PATHS = NO;
				CLANG_ANALYZER_NONNULL = YES;
				CLANG_ANALYZER_NUMBER_OBJECT_CONVERSION = YES_AGGRESSIVE;
				CLANG_CXX_LANGUAGE_STANDARD = "gnu++14";
				CLANG_CXX_LIBRARY = "libc++";
				CLANG_ENABLE_MODULES = YES;
				CLANG_ENABLE_OBJC_ARC = YES;
				CLANG_ENABLE_OBJC_WEAK = YES;
				CLANG_WARN_BLOCK_CAPTURE_AUTORELEASING = YES;
				CLANG_WARN_BOOL_CONVERSION = YES;
				CLANG_WARN_COMMA = YES;
				CLANG_WARN_CONSTANT_CONVERSION = YES;
				CLANG_WARN_DEPRECATED_OBJC_IMPLEMENTATIONS = YES;
				CLANG_WARN_DIRECT_OBJC_ISA_USAGE = YES_ERROR;
				CLANG_WARN_DOCUMENTATION_COMMENTS = YES;
				CLANG_WARN_EMPTY_BODY = YES;
				CLANG_WARN_ENUM_CONVERSION = YES;
				CLANG_WARN_INFINITE_RECURSION = YES;
				CLANG_WARN_INT_CONVERSION = YES;
				CLANG_WARN_NON_LITERAL_NULL_CONVERSION = YES;
				CLANG_WARN_OBJC_IMPLICIT_RETAIN_SELF = YES;
				CLANG_WARN_OBJC_LITERAL_CONVERSION = YES;
				CLANG_WARN_OBJC_ROOT_CLASS = YES_ERROR;
				CLANG_WARN_RANGE_LOOP_ANALYSIS = YES;
				CLANG_WARN_STRICT_PROTOTYPES = YES;
				CLANG_WARN_SUSPICIOUS_MOVE = YES;
				CLANG_WARN_UNGUARDED_AVAILABILITY = YES_AGGRESSIVE;
				CLANG_WARN_UNREACHABLE_CODE = YES;
				CLANG_WARN__DUPLICATE_METHOD_MATCH = YES;
				COPY_PHASE_STRIP = NO;
				DEBUG_INFORMATION_FORMAT = "dwarf-with-dsym";
				ENABLE_NS_ASSERTIONS = NO;
				ENABLE_STRICT_OBJC_MSGSEND = YES;
				GCC_C_LANGUAGE_STANDARD = gnu11;
				GCC_NO_COMMON_BLOCKS = YES;
				GCC_WARN_64_TO_32_BIT_CONVERSION = YES;
				GCC_WARN_ABOUT_RETURN_TYPE = YES_ERROR;
				GCC_WARN_UNDECLARED_SELECTOR = YES;
				GCC_WARN_UNINITIALIZED_AUTOS = YES_AGGRESSIVE;
				GCC_WARN_UNUSED_FUNCTION = YES;
				GCC_WARN_UNUSED_VARIABLE = YES;
				IPHONEOS_DEPLOYMENT_TARGET = 13.2;
				MTL_ENABLE_DEBUG_INFO = NO;
				MTL_FAST_MATH = YES;
				SDKROOT = iphoneos;
				VALIDATE_PRODUCT = YES;
			};
			name = Release;
		};
		562CC100238E112400D789C9 /* Debug */ = {
			isa = XCBuildConfiguration;
			buildSettings = {
				ASSETCATALOG_COMPILER_APPICON_NAME = AppIcon;
				CODE_SIGN_STYLE = Automatic;
				DEBUG_INFORMATION_FORMAT = dwarf;
				DEVELOPMENT_TEAM = 3365JT7LQY;
				FRAMEWORK_SEARCH_PATHS = (
					"$(inherited)",
					"$(PROJECT_DIR)/Test",
					"$(PROJECT_DIR)",
				);
				INFOPLIST_FILE = Test/Info.plist;
				IPHONEOS_DEPLOYMENT_TARGET = 8.0;
				LD_RUNPATH_SEARCH_PATHS = (
					"$(inherited)",
					"@executable_path/Frameworks",
				);
				ONLY_ACTIVE_ARCH = NO;
				OTHER_LDFLAGS = "-ObjC";
				PRODUCT_BUNDLE_IDENTIFIER = FunPlus.Test;
				PRODUCT_NAME = "$(TARGET_NAME)";
				TARGETED_DEVICE_FAMILY = "1,2";
			};
			name = Debug;
		};
		562CC101238E112400D789C9 /* Release */ = {
			isa = XCBuildConfiguration;
			buildSettings = {
				ASSETCATALOG_COMPILER_APPICON_NAME = AppIcon;
				CODE_SIGN_STYLE = Automatic;
				DEVELOPMENT_TEAM = 3365JT7LQY;
				FRAMEWORK_SEARCH_PATHS = (
					"$(inherited)",
					"$(PROJECT_DIR)/Test",
					"$(PROJECT_DIR)",
				);
				INFOPLIST_FILE = Test/Info.plist;
				IPHONEOS_DEPLOYMENT_TARGET = 8.0;
				LD_RUNPATH_SEARCH_PATHS = (
					"$(inherited)",
					"@executable_path/Frameworks",
				);
				ONLY_ACTIVE_ARCH = NO;
				OTHER_LDFLAGS = "-ObjC";
				PRODUCT_BUNDLE_IDENTIFIER = FunPlus.Test;
				PRODUCT_NAME = "$(TARGET_NAME)";
				TARGETED_DEVICE_FAMILY = "1,2";
			};
			name = Release;
		};
		562CC103238E112400D789C9 /* Debug */ = {
			isa = XCBuildConfiguration;
			buildSettings = {
				BUNDLE_LOADER = "$(TEST_HOST)";
				CODE_SIGN_STYLE = Automatic;
				INFOPLIST_FILE = TestTests/Info.plist;
				IPHONEOS_DEPLOYMENT_TARGET = 13.2;
				LD_RUNPATH_SEARCH_PATHS = (
					"$(inherited)",
					"@executable_path/Frameworks",
					"@loader_path/Frameworks",
				);
				PRODUCT_BUNDLE_IDENTIFIER = FunPlus.TestTests;
				PRODUCT_NAME = "$(TARGET_NAME)";
				TARGETED_DEVICE_FAMILY = "1,2";
				TEST_HOST = "$(BUILT_PRODUCTS_DIR)/Test.app/Test";
			};
			name = Debug;
		};
		562CC104238E112400D789C9 /* Release */ = {
			isa = XCBuildConfiguration;
			buildSettings = {
				BUNDLE_LOADER = "$(TEST_HOST)";
				CODE_SIGN_STYLE = Automatic;
				INFOPLIST_FILE = TestTests/Info.plist;
				IPHONEOS_DEPLOYMENT_TARGET = 13.2;
				LD_RUNPATH_SEARCH_PATHS = (
					"$(inherited)",
					"@executable_path/Frameworks",
					"@loader_path/Frameworks",
				);
				PRODUCT_BUNDLE_IDENTIFIER = FunPlus.TestTests;
				PRODUCT_NAME = "$(TARGET_NAME)";
				TARGETED_DEVICE_FAMILY = "1,2";
				TEST_HOST = "$(BUILT_PRODUCTS_DIR)/Test.app/Test";
			};
			name = Release;
		};
		562CC106238E112400D789C9 /* Debug */ = {
			isa = XCBuildConfiguration;
			buildSettings = {
				CODE_SIGN_STYLE = Automatic;
				INFOPLIST_FILE = TestUITests/Info.plist;
				LD_RUNPATH_SEARCH_PATHS = (
					"$(inherited)",
					"@executable_path/Frameworks",
					"@loader_path/Frameworks",
				);
				PRODUCT_BUNDLE_IDENTIFIER = FunPlus.TestUITests;
				PRODUCT_NAME = "$(TARGET_NAME)";
				TARGETED_DEVICE_FAMILY = "1,2";
				TEST_TARGET_NAME = Test;
			};
			name = Debug;
		};
		562CC107238E112400D789C9 /* Release */ = {
			isa = XCBuildConfiguration;
			buildSettings = {
				CODE_SIGN_STYLE = Automatic;
				INFOPLIST_FILE = TestUITests/Info.plist;
				LD_RUNPATH_SEARCH_PATHS = (
					"$(inherited)",
					"@executable_path/Frameworks",
					"@loader_path/Frameworks",
				);
				PRODUCT_BUNDLE_IDENTIFIER = FunPlus.TestUITests;
				PRODUCT_NAME = "$(TARGET_NAME)";
				TARGETED_DEVICE_FAMILY = "1,2";
				TEST_TARGET_NAME = Test;
			};
			name = Release;
		};
/* End XCBuildConfiguration section */

/* Begin XCConfigurationList section */
		562CC0CB238E112300D789C9 /* Build configuration list for PBXProject "Test" */ = {
			isa = XCConfigurationList;
			buildConfigurations = (
				562CC0FD238E112400D789C9 /* Debug */,
				562CC0FE238E112400D789C9 /* Release */,
			);
			defaultConfigurationIsVisible = 0;
			defaultConfigurationName = Release;
		};
		562CC0FF238E112400D789C9 /* Build configuration list for PBXNativeTarget "Test" */ = {
			isa = XCConfigurationList;
			buildConfigurations = (
				562CC100238E112400D789C9 /* Debug */,
				562CC101238E112400D789C9 /* Release */,
			);
			defaultConfigurationIsVisible = 0;
			defaultConfigurationName = Release;
		};
		562CC102238E112400D789C9 /* Build configuration list for PBXNativeTarget "TestTests" */ = {
			isa = XCConfigurationList;
			buildConfigurations = (
				562CC103238E112400D789C9 /* Debug */,
				562CC104238E112400D789C9 /* Release */,
			);
			defaultConfigurationIsVisible = 0;
			defaultConfigurationName = Release;
		};
		562CC105238E112400D789C9 /* Build configuration list for PBXNativeTarget "TestUITests" */ = {
			isa = XCConfigurationList;
			buildConfigurations = (
				562CC106238E112400D789C9 /* Debug */,
				562CC107238E112400D789C9 /* Release */,
			);
			defaultConfigurationIsVisible = 0;
			defaultConfigurationName = Release;
		};
/* End XCConfigurationList section */
	};
	rootObject = 562CC0C8238E112300D789C9 /* Project object */;
}
